
Microsoft Visual Studio Solution File, Format Version 12.00
# Visual Studio Version 16
VisualStudioVersion = 16.0.31205.134
MinimumVisualStudioVersion = 10.0.40219.1
Project("{FAE04EC0-301F-11D3-BF4B-00C04F79EFBC}") = "ForLoop", "ForLoop.csproj", "{158E1C53-85CE-4E38-8EE4-05FDE885364B}"
EndProject
Global
	GlobalSection(SolutionConfigurationPlatforms) = preSolution
		Debug|Any CPU = Debug|Any CPU
		Release|Any CPU = Release|Any CPU
	EndGlobalSection
	GlobalSection(ProjectConfigurationPlatforms) = postSolution
		{158E1C53-85CE-4E38-8EE4-05FDE885364B}.Debug|Any CPU.ActiveCfg = Debug|Any CPU
		{158E1C53-85CE-4E38-8EE4-05FDE885364B}.Debug|Any CPU.Build.0 = Debug|Any CPU
		{158E1C53-85CE-4E38-8EE4-05FDE885364B}.Release|Any CPU.ActiveCfg = Release|Any CPU
		{158E1C53-85CE-4E38-8EE4-05FDE885364B}.Release|Any CPU.Build.0 = Release|Any CPU
	EndGlobalSection
	GlobalSection(SolutionProperties) = preSolution
		HideSolutionNode = FALSE
	EndGlobalSection
	GlobalSection(ExtensibilityGlobals) = postSolution
		SolutionGuid = {125667D8-7642-4A0B-B708-41A8932312D7}
	EndGlobalSection
EndGlobal
